
Microsoft Visual Studio Solution File, Format Version 12.00
# Visual Studio Version 17
VisualStudioVersion = 17.8.34511.84
MinimumVisualStudioVersion = 10.0.40219.1
Project("{FAE04EC0-301F-11D3-BF4B-00C04F79EFBC}") = "Hospital", "Hospital\Hospital.csproj", "{CAAD4B9A-84E8-4282-A504-AF1CA8AE59A9}"
EndProject
Global
	GlobalSection(SolutionConfigurationPlatforms) = preSolution
		Debug|Any CPU = Debug|Any CPU
		Release|Any CPU = Release|Any CPU
	EndGlobalSection
	GlobalSection(ProjectConfigurationPlatforms) = postSolution
		{CAAD4B9A-84E8-4282-A504-AF1CA8AE59A9}.Debug|Any CPU.ActiveCfg = Debug|Any CPU
		{CAAD4B9A-84E8-4282-A504-AF1CA8AE59A9}.Debug|Any CPU.Build.0 = Debug|Any CPU
		{CAAD4B9A-84E8-4282-A504-AF1CA8AE59A9}.Release|Any CPU.ActiveCfg = Release|Any CPU
		{CAAD4B9A-84E8-4282-A504-AF1CA8AE59A9}.Release|Any CPU.Build.0 = Release|Any CPU
	EndGlobalSection
	GlobalSection(SolutionProperties) = preSolution
		HideSolutionNode = FALSE
	EndGlobalSection
	GlobalSection(ExtensibilityGlobals) = postSolution
		SolutionGuid = {82B40B70-6EE4-4F41-B2E5-54FE4D239C5E}
	EndGlobalSection
EndGlobal
